// !$*UTF8*$!
{
	archiveVersion = 1;
	classes = {
	};
	objectVersion = 46;
	objects = {

/* Begin PBXBuildFile section */
		AB0F5DDF1EDEAF0600F7BAED /* AppDelegate.swift in Sources */ = {isa = PBXBuildFile; fileRef = AB0F5DDE1EDEAF0600F7BAED /* AppDelegate.swift */; };
		AB0F5DE11EDEAF0600F7BAED /* ViewController.swift in Sources */ = {isa = PBXBuildFile; fileRef = AB0F5DE01EDEAF0600F7BAED /* ViewController.swift */; };
		AB0F5DE41EDEAF0600F7BAED /* Main.storyboard in Resources */ = {isa = PBXBuildFile; fileRef = AB0F5DE21EDEAF0600F7BAED /* Main.storyboard */; };
		AB0F5DE61EDEAF0600F7BAED /* Assets.xcassets in Resources */ = {isa = PBXBuildFile; fileRef = AB0F5DE51EDEAF0600F7BAED /* Assets.xcassets */; };
		AB0F5DE91EDEAF0600F7BAED /* LaunchScreen.storyboard in Resources */ = {isa = PBXBuildFile; fileRef = AB0F5DE71EDEAF0600F7BAED /* LaunchScreen.storyboard */; };
		AB0F5DF41EDEAF0600F7BAED /* OfficeAppTestTests.swift in Sources */ = {isa = PBXBuildFile; fileRef = AB0F5DF31EDEAF0600F7BAED /* OfficeAppTestTests.swift */; };
/* End PBXBuildFile section */

/* Begin PBXContainerItemProxy section */
		AB0F5DF01EDEAF0600F7BAED /* PBXContainerItemProxy */ = {
			isa = PBXContainerItemProxy;
			containerPortal = AB0F5DD31EDEAF0600F7BAED /* Project object */;
			proxyType = 1;
			remoteGlobalIDString = AB0F5DDA1EDEAF0600F7BAED;
			remoteInfo = OfficeAppTest;
		};
/* End PBXContainerItemProxy section */

/* Begin PBXFileReference section */
		AB0F5DDB1EDEAF0600F7BAED /* OfficeAppTest.app */ = {isa = PBXFileReference; explicitFileType = wrapper.application; includeInIndex = 0; path = OfficeAppTest.app; sourceTree = BUILT_PRODUCTS_DIR; };
		AB0F5DDE1EDEAF0600F7BAED /* AppDelegate.swift */ = {isa = PBXFileReference; lastKnownFileType = sourcecode.swift; path = AppDelegate.swift; sourceTree = "<group>"; };
		AB0F5DE01EDEAF0600F7BAED /* ViewController.swift */ = {isa = PBXFileReference; lastKnownFileType = sourcecode.swift; path = ViewController.swift; sourceTree = "<group>"; };
		AB0F5DE31EDEAF0600F7BAED /* Base */ = {isa = PBXFileReference; lastKnownFileType = file.storyboard; name = Base; path = Base.lproj/Main.storyboard; sourceTree = "<group>"; };
		AB0F5DE51EDEAF0600F7BAED /* Assets.xcassets */ = {isa = PBXFileReference; lastKnownFileType = folder.assetcatalog; path = Assets.xcassets; sourceTree = "<group>"; };
		AB0F5DE81EDEAF0600F7BAED /* Base */ = {isa = PBXFileReference; lastKnownFileType = file.storyboard; name = Base; path = Base.lproj/LaunchScreen.storyboard; sourceTree = "<group>"; };
		AB0F5DEA1EDEAF0600F7BAED /* Info.plist */ = {isa = PBXFileReference; lastKnownFileType = text.plist.xml; path = Info.plist; sourceTree = "<group>"; };
		AB0F5DEF1EDEAF0600F7BAED /* OfficeAppTestTests.xctest */ = {isa = PBXFileReference; explicitFileType = wrapper.cfbundle; includeInIndex = 0; path = OfficeAppTestTests.xctest; sourceTree = BUILT_PRODUCTS_DIR; };
		AB0F5DF31EDEAF0600F7BAED /* OfficeAppTestTests.swift */ = {isa = PBXFileReference; lastKnownFileType = sourcecode.swift; path = OfficeAppTestTests.swift; sourceTree = "<group>"; };
		AB0F5DF51EDEAF0600F7BAED /* Info.plist */ = {isa = PBXFileReference; lastKnownFileType = text.plist.xml; path = Info.plist; sourceTree = "<group>"; };
/* End PBXFileReference section */

/* Begin PBXFrameworksBuildPhase section */
		AB0F5DD81EDEAF0600F7BAED /* Frameworks */ = {
			isa = PBXFrameworksBuildPhase;
			buildActionMask = 2147483647;
			files = (
			);
			runOnlyForDeploymentPostprocessing = 0;
		};
		AB0F5DEC1EDEAF0600F7BAED /* Frameworks */ = {
			isa = PBXFrameworksBuildPhase;
			buildActionMask = 2147483647;
			files = (
			);
			runOnlyForDeploymentPostprocessing = 0;
		};
/* End PBXFrameworksBuildPhase section */

/* Begin PBXGroup section */
		AB0F5DD21EDEAF0600F7BAED = {
			isa = PBXGroup;
			children = (
				AB0F5DDD1EDEAF0600F7BAED /* OfficeAppTest */,
				AB0F5DF21EDEAF0600F7BAED /* OfficeAppTestTests */,
				AB0F5DDC1EDEAF0600F7BAED /* Products */,
			);
			sourceTree = "<group>";
		};
		AB0F5DDC1EDEAF0600F7BAED /* Products */ = {
			isa = PBXGroup;
			children = (
				AB0F5DDB1EDEAF0600F7BAED /* OfficeAppTest.app */,
				AB0F5DEF1EDEAF0600F7BAED /* OfficeAppTestTests.xctest */,
			);
			name = Products;
			sourceTree = "<group>";
		};
		AB0F5DDD1EDEAF0600F7BAED /* OfficeAppTest */ = {
			isa = PBXGroup;
			children = (
				AB0F5DDE1EDEAF0600F7BAED /* AppDelegate.swift */,
				AB0F5DE01EDEAF0600F7BAED /* ViewController.swift */,
				AB0F5DE21EDEAF0600F7BAED /* Main.storyboard */,
				AB0F5DE51EDEAF0600F7BAED /* Assets.xcassets */,
				AB0F5DE71EDEAF0600F7BAED /* LaunchScreen.storyboard */,
				AB0F5DEA1EDEAF0600F7BAED /* Info.plist */,
			);
			path = OfficeAppTest;
			sourceTree = "<group>";
		};
		AB0F5DF21EDEAF0600F7BAED /* OfficeAppTestTests */ = {
			isa = PBXGroup;
			children = (
				AB0F5DF31EDEAF0600F7BAED /* OfficeAppTestTests.swift */,
				AB0F5DF51EDEAF0600F7BAED /* Info.plist */,
			);
			path = OfficeAppTestTests;
			sourceTree = "<group>";
		};
/* End PBXGroup section */

/* Begin PBXNativeTarget section */
		AB0F5DDA1EDEAF0600F7BAED /* OfficeAppTest */ = {
			isa = PBXNativeTarget;
			buildConfigurationList = AB0F5DF81EDEAF0600F7BAED /* Build configuration list for PBXNativeTarget "OfficeAppTest" */;
			buildPhases = (
				AB0F5DD71EDEAF0600F7BAED /* Sources */,
				AB0F5DD81EDEAF0600F7BAED /* Frameworks */,
				AB0F5DD91EDEAF0600F7BAED /* Resources */,
			);
			buildRules = (
			);
			dependencies = (
			);
			name = OfficeAppTest;
			productName = OfficeAppTest;
			productReference = AB0F5DDB1EDEAF0600F7BAED /* OfficeAppTest.app */;
			productType = "com.apple.product-type.application";
		};
		AB0F5DEE1EDEAF0600F7BAED /* OfficeAppTestTests */ = {
			isa = PBXNativeTarget;
			buildConfigurationList = AB0F5DFB1EDEAF0600F7BAED /* Build configuration list for PBXNativeTarget "OfficeAppTestTests" */;
			buildPhases = (
				AB0F5DEB1EDEAF0600F7BAED /* Sources */,
				AB0F5DEC1EDEAF0600F7BAED /* Frameworks */,
				AB0F5DED1EDEAF0600F7BAED /* Resources */,
			);
			buildRules = (
			);
			dependencies = (
				AB0F5DF11EDEAF0600F7BAED /* PBXTargetDependency */,
			);
			name = OfficeAppTestTests;
			productName = OfficeAppTestTests;
			productReference = AB0F5DEF1EDEAF0600F7BAED /* OfficeAppTestTests.xctest */;
			productType = "com.apple.product-type.bundle.unit-test";
		};
/* End PBXNativeTarget section */

/* Begin PBXProject section */
		AB0F5DD31EDEAF0600F7BAED /* Project object */ = {
			isa = PBXProject;
			attributes = {
				LastSwiftUpdateCheck = 0830;
				LastUpgradeCheck = 0830;
				ORGANIZATIONNAME = binar;
				TargetAttributes = {
					AB0F5DDA1EDEAF0600F7BAED = {
						CreatedOnToolsVersion = 8.3.2;
						DevelopmentTeam = JZ8KA3GNH6;
						ProvisioningStyle = Automatic;
					};
					AB0F5DEE1EDEAF0600F7BAED = {
						CreatedOnToolsVersion = 8.3.2;
						DevelopmentTeam = JZ8KA3GNH6;
						ProvisioningStyle = Automatic;
						TestTargetID = AB0F5DDA1EDEAF0600F7BAED;
					};
				};
			};
			buildConfigurationList = AB0F5DD61EDEAF0600F7BAED /* Build configuration list for PBXProject "OfficeAppTest" */;
			compatibilityVersion = "Xcode 3.2";
			developmentRegion = English;
			hasScannedForEncodings = 0;
			knownRegions = (
				en,
				Base,
			);
			mainGroup = AB0F5DD21EDEAF0600F7BAED;
			productRefGroup = AB0F5DDC1EDEAF0600F7BAED /* Products */;
			projectDirPath = "";
			projectRoot = "";
			targets = (
				AB0F5DDA1EDEAF0600F7BAED /* OfficeAppTest */,
				AB0F5DEE1EDEAF0600F7BAED /* OfficeAppTestTests */,
			);
		};
/* End PBXProject section */

/* Begin PBXResourcesBuildPhase section */
		AB0F5DD91EDEAF0600F7BAED /* Resources */ = {
			isa = PBXResourcesBuildPhase;
			buildActionMask = 2147483647;
			files = (
				AB0F5DE91EDEAF0600F7BAED /* LaunchScreen.storyboard in Resources */,
				AB0F5DE61EDEAF0600F7BAED /* Assets.xcassets in Resources */,
				AB0F5DE41EDEAF0600F7BAED /* Main.storyboard in Resources */,
			);
			runOnlyForDeploymentPostprocessing = 0;
		};
		AB0F5DED1EDEAF0600F7BAED /* Resources */ = {
			isa = PBXResourcesBuildPhase;
			buildActionMask = 2147483647;
			files = (
			);
			runOnlyForDeploymentPostprocessing = 0;
		};
/* End PBXResourcesBuildPhase section */

/* Begin PBXSourcesBuildPhase section */
		AB0F5DD71EDEAF0600F7BAED /* Sources */ = {
			isa = PBXSourcesBuildPhase;
			buildActionMask = 2147483647;
			files = (
				AB0F5DE11EDEAF0600F7BAED /* ViewController.swift in Sources */,
				AB0F5DDF1EDEAF0600F7BAED /* AppDelegate.swift in Sources */,
			);
			runOnlyForDeploymentPostprocessing = 0;
		};
		AB0F5DEB1EDEAF0600F7BAED /* Sources */ = {
			isa = PBXSourcesBuildPhase;
			buildActionMask = 2147483647;
			files = (
				AB0F5DF41EDEAF0600F7BAED /* OfficeAppTestTests.swift in Sources */,
			);
			runOnlyForDeploymentPostprocessing = 0;
		};
/* End PBXSourcesBuildPhase section */

/* Begin PBXTargetDependency section */
		AB0F5DF11EDEAF0600F7BAED /* PBXTargetDependency */ = {
			isa = PBXTargetDependency;
			target = AB0F5DDA1EDEAF0600F7BAED /* OfficeAppTest */;
			targetProxy = AB0F5DF01EDEAF0600F7BAED /* PBXContainerItemProxy */;
		};
/* End PBXTargetDependency section */

/* Begin PBXVariantGroup section */
		AB0F5DE21EDEAF0600F7BAED /* Main.storyboard */ = {
			isa = PBXVariantGroup;
			children = (
				AB0F5DE31EDEAF0600F7BAED /* Base */,
			);
			name = Main.storyboard;
			sourceTree = "<group>";
		};
		AB0F5DE71EDEAF0600F7BAED /* LaunchScreen.storyboard */ = {
			isa = PBXVariantGroup;
			children = (
				AB0F5DE81EDEAF0600F7BAED /* Base */,
			);
			name = LaunchScreen.storyboard;
			sourceTree = "<group>";
		};
/* End PBXVariantGroup section */

/* Begin XCBuildConfiguration section */
		AB0F5DF61EDEAF0600F7BAED /* Debug */ = {
			isa = XCBuildConfiguration;
			buildSettings = {
				ALWAYS_SEARCH_USER_PATHS = NO;
				CLANG_ANALYZER_NONNULL = YES;
				CLANG_ANALYZER_NUMBER_OBJECT_CONVERSION = YES_AGGRESSIVE;
				CLANG_CXX_LANGUAGE_STANDARD = "gnu++0x";
				CLANG_CXX_LIBRARY = "libc++";
				CLANG_ENABLE_MODULES = YES;
				CLANG_ENABLE_OBJC_ARC = YES;
				CLANG_WARN_BOOL_CONVERSION = YES;
				CLANG_WARN_CONSTANT_CONVERSION = YES;
				CLANG_WARN_DIRECT_OBJC_ISA_USAGE = YES_ERROR;
				CLANG_WARN_DOCUMENTATION_COMMENTS = YES;
				CLANG_WARN_EMPTY_BODY = YES;
				CLANG_WARN_ENUM_CONVERSION = YES;
				CLANG_WARN_INFINITE_RECURSION = YES;
				CLANG_WARN_INT_CONVERSION = YES;
				CLANG_WARN_OBJC_ROOT_CLASS = YES_ERROR;
				CLANG_WARN_SUSPICIOUS_MOVE = YES;
				CLANG_WARN_UNREACHABLE_CODE = YES;
				CLANG_WARN__DUPLICATE_METHOD_MATCH = YES;
				"CODE_SIGN_IDENTITY[sdk=iphoneos*]" = "iPhone Developer";
				COPY_PHASE_STRIP = NO;
				DEBUG_INFORMATION_FORMAT = dwarf;
				ENABLE_STRICT_OBJC_MSGSEND = YES;
				ENABLE_TESTABILITY = YES;
				GCC_C_LANGUAGE_STANDARD = gnu99;
				GCC_DYNAMIC_NO_PIC = NO;
				GCC_NO_COMMON_BLOCKS = YES;
				GCC_OPTIMIZATION_LEVEL = 0;
				GCC_PREPROCESSOR_DEFINITIONS = (
					"DEBUG=1",
					"$(inherited)",
				);
				GCC_WARN_64_TO_32_BIT_CONVERSION = YES;
				GCC_WARN_ABOUT_RETURN_TYPE = YES_ERROR;
				GCC_WARN_UNDECLARED_SELECTOR = YES;
				GCC_WARN_UNINITIALIZED_AUTOS = YES_AGGRESSIVE;
				GCC_WARN_UNUSED_FUNCTION = YES;
				GCC_WARN_UNUSED_VARIABLE = YES;
				IPHONEOS_DEPLOYMENT_TARGET = 10.3;
				MTL_ENABLE_DEBUG_INFO = YES;
				ONLY_ACTIVE_ARCH = YES;
				SDKROOT = iphoneos;
				SWIFT_ACTIVE_COMPILATION_CONDITIONS = DEBUG;
				SWIFT_OPTIMIZATION_LEVEL = "-Onone";
				TARGETED_DEVICE_FAMILY = "1,2";
			};
			name = Debug;
		};
		AB0F5DF71EDEAF0600F7BAED /* Release */ = {
			isa = XCBuildConfiguration;
			buildSettings = {
				ALWAYS_SEARCH_USER_PATHS = NO;
				CLANG_ANALYZER_NONNULL = YES;
				CLANG_ANALYZER_NUMBER_OBJECT_CONVERSION = YES_AGGRESSIVE;
				CLANG_CXX_LANGUAGE_STANDARD = "gnu++0x";
				CLANG_CXX_LIBRARY = "libc++";
				CLANG_ENABLE_MODULES = YES;
				CLANG_ENABLE_OBJC_ARC = YES;
				CLANG_WARN_BOOL_CONVERSION = YES;
				CLANG_WARN_CONSTANT_CONVERSION = YES;
				CLANG_WARN_DIRECT_OBJC_ISA_USAGE = YES_ERROR;
				CLANG_WARN_DOCUMENTATION_COMMENTS = YES;
				CLANG_WARN_EMPTY_BODY = YES;
				CLANG_WARN_ENUM_CONVERSION = YES;
				CLANG_WARN_INFINITE_RECURSION = YES;
				CLANG_WARN_INT_CONVERSION = YES;
				CLANG_WARN_OBJC_ROOT_CLASS = YES_ERROR;
				CLANG_WARN_SUSPICIOUS_MOVE = YES;
				CLANG_WARN_UNREACHABLE_CODE = YES;
				CLANG_WARN__DUPLICATE_METHOD_MATCH = YES;
				"CODE_SIGN_IDENTITY[sdk=iphoneos*]" = "iPhone Developer";
				COPY_PHASE_STRIP = NO;
				DEBUG_INFORMATION_FORMAT = "dwarf-with-dsym";
				ENABLE_NS_ASSERTIONS = NO;
				ENABLE_STRICT_OBJC_MSGSEND = YES;
				GCC_C_LANGUAGE_STANDARD = gnu99;
				GCC_NO_COMMON_BLOCKS = YES;
				GCC_WARN_64_TO_32_BIT_CONVERSION = YES;
				GCC_WARN_ABOUT_RETURN_TYPE = YES_ERROR;
				GCC_WARN_UNDECLARED_SELECTOR = YES;
				GCC_WARN_UNINITIALIZED_AUTOS = YES_AGGRESSIVE;
				GCC_WARN_UNUSED_FUNCTION = YES;
				GCC_WARN_UNUSED_VARIABLE = YES;
				IPHONEOS_DEPLOYMENT_TARGET = 10.3;
				MTL_ENABLE_DEBUG_INFO = NO;
				SDKROOT = iphoneos;
				SWIFT_OPTIMIZATION_LEVEL = "-Owholemodule";
				TARGETED_DEVICE_FAMILY = "1,2";
				VALIDATE_PRODUCT = YES;
			};
			name = Release;
		};
		AB0F5DF91EDEAF0600F7BAED /* Debug */ = {
			isa = XCBuildConfiguration;
			buildSettings = {
				ASSETCATALOG_COMPILER_APPICON_NAME = AppIcon;
				DEVELOPMENT_TEAM = JZ8KA3GNH6;
				INFOPLIST_FILE = OfficeAppTest/Info.plist;
				LD_RUNPATH_SEARCH_PATHS = "$(inherited) @executable_path/Frameworks";
				PRODUCT_BUNDLE_IDENTIFIER = id.co.OfficeAppTest;
				PRODUCT_NAME = "$(TARGET_NAME)";
				SWIFT_VERSION = 3.0;
			};
			name = Debug;
		};
		AB0F5DFA1EDEAF0600F7BAED /* Release */ = {
			isa = XCBuildConfiguration;
			buildSettings = {
				ASSETCATALOG_COMPILER_APPICON_NAME = AppIcon;
				DEVELOPMENT_TEAM = JZ8KA3GNH6;
				INFOPLIST_FILE = OfficeAppTest/Info.plist;
				LD_RUNPATH_SEARCH_PATHS = "$(inherited) @executable_path/Frameworks";
				PRODUCT_BUNDLE_IDENTIFIER = id.co.OfficeAppTest;
				PRODUCT_NAME = "$(TARGET_NAME)";
				SWIFT_VERSION = 3.0;
			};
			name = Release;
		};
		AB0F5DFC1EDEAF0600F7BAED /* Debug */ = {
			isa = XCBuildConfiguration;
			buildSettings = {
				ALWAYS_EMBED_SWIFT_STANDARD_LIBRARIES = YES;
				BUNDLE_LOADER = "$(TEST_HOST)";
				DEVELOPMENT_TEAM = JZ8KA3GNH6;
				INFOPLIST_FILE = OfficeAppTestTests/Info.plist;
				LD_RUNPATH_SEARCH_PATHS = "$(inherited) @executable_path/Frameworks @loader_path/Frameworks";
				PRODUCT_BUNDLE_IDENTIFIER = id.co.OfficeAppTestTests;
				PRODUCT_NAME = "$(TARGET_NAME)";
				SWIFT_VERSION = 3.0;
				TEST_HOST = "$(BUILT_PRODUCTS_DIR)/OfficeAppTest.app/OfficeAppTest";
			};
			name = Debug;
		};
		AB0F5DFD1EDEAF0600F7BAED /* Release */ = {
			isa = XCBuildConfiguration;
			buildSettings = {
				ALWAYS_EMBED_SWIFT_STANDARD_LIBRARIES = YES;
				BUNDLE_LOADER = "$(TEST_HOST)";
				DEVELOPMENT_TEAM = JZ8KA3GNH6;
				INFOPLIST_FILE = OfficeAppTestTests/Info.plist;
				LD_RUNPATH_SEARCH_PATHS = "$(inherited) @executable_path/Frameworks @loader_path/Frameworks";
				PRODUCT_BUNDLE_IDENTIFIER = id.co.OfficeAppTestTests;
				PRODUCT_NAME = "$(TARGET_NAME)";
				SWIFT_VERSION = 3.0;
				TEST_HOST = "$(BUILT_PRODUCTS_DIR)/OfficeAppTest.app/OfficeAppTest";
			};
			name = Release;
		};
/* End XCBuildConfiguration section */

/* Begin XCConfigurationList section */
		AB0F5DD61EDEAF0600F7BAED /* Build configuration list for PBXProject "OfficeAppTest" */ = {
			isa = XCConfigurationList;
			buildConfigurations = (
				AB0F5DF61EDEAF0600F7BAED /* Debug */,
				AB0F5DF71EDEAF0600F7BAED /* Release */,
			);
			defaultConfigurationIsVisible = 0;
			defaultConfigurationName = Release;
		};
		AB0F5DF81EDEAF0600F7BAED /* Build configuration list for PBXNativeTarget "OfficeAppTest" */ = {
			isa = XCConfigurationList;
			buildConfigurations = (
				AB0F5DF91EDEAF0600F7BAED /* Debug */,
				AB0F5DFA1EDEAF0600F7BAED /* Release */,
			);
			defaultConfigurationIsVisible = 0;
		};
		AB0F5DFB1EDEAF0600F7BAED /* Build configuration list for PBXNativeTarget "OfficeAppTestTests" */ = {
			isa = XCConfigurationList;
			buildConfigurations = (
				AB0F5DFC1EDEAF0600F7BAED /* Debug */,
				AB0F5DFD1EDEAF0600F7BAED /* Release */,
			);
			defaultConfigurationIsVisible = 0;
		};
/* End XCConfigurationList section */
	};
	rootObject = AB0F5DD31EDEAF0600F7BAED /* Project object */;
}
